
Microsoft Visual Studio Solution File, Format Version 12.00
# Visual Studio Version 16
VisualStudioVersion = 16.0.29102.190
MinimumVisualStudioVersion = 10.0.40219.1
Project("{FAE04EC0-301F-11D3-BF4B-00C04F79EFBC}") = "BullMarket.Web", "BullMarket\BullMarket.Web.csproj", "{6D9ADD03-C364-485A-8D01-F0397AAB5F79}"
EndProject
Global
	GlobalSection(SolutionConfigurationPlatforms) = preSolution
		Debug|Any CPU = Debug|Any CPU
		Release|Any CPU = Release|Any CPU
	EndGlobalSection
	GlobalSection(ProjectConfigurationPlatforms) = postSolution
		{6D9ADD03-C364-485A-8D01-F0397AAB5F79}.Debug|Any CPU.ActiveCfg = Debug|Any CPU
		{6D9ADD03-C364-485A-8D01-F0397AAB5F79}.Debug|Any CPU.Build.0 = Debug|Any CPU
		{6D9ADD03-C364-485A-8D01-F0397AAB5F79}.Release|Any CPU.ActiveCfg = Release|Any CPU
		{6D9ADD03-C364-485A-8D01-F0397AAB5F79}.Release|Any CPU.Build.0 = Release|Any CPU
	EndGlobalSection
	GlobalSection(SolutionProperties) = preSolution
		HideSolutionNode = FALSE
	EndGlobalSection
	GlobalSection(ExtensibilityGlobals) = postSolution
		SolutionGuid = {40AD20F7-DBC7-4712-A46D-E9B96CB9085C}
	EndGlobalSection
EndGlobal
